
Microsoft Visual Studio Solution File, Format Version 12.00
# Visual Studio Version 17
VisualStudioVersion = 17.0.32014.148
MinimumVisualStudioVersion = 10.0.40219.1
Project("{FAE04EC0-301F-11D3-BF4B-00C04F79EFBC}") = "WhisHacckk", "WhisHacckk\WhisHacckk.csproj", "{20559988-1EAD-4888-88AC-2F0C9FDE5554}"
EndProject
Global
	GlobalSection(SolutionConfigurationPlatforms) = preSolution
		Debug|Any CPU = Debug|Any CPU
		Release|Any CPU = Release|Any CPU
	EndGlobalSection
	GlobalSection(ProjectConfigurationPlatforms) = postSolution
		{20559988-1EAD-4888-88AC-2F0C9FDE5554}.Debug|Any CPU.ActiveCfg = Debug|Any CPU
		{20559988-1EAD-4888-88AC-2F0C9FDE5554}.Debug|Any CPU.Build.0 = Debug|Any CPU
		{20559988-1EAD-4888-88AC-2F0C9FDE5554}.Release|Any CPU.ActiveCfg = Release|Any CPU
		{20559988-1EAD-4888-88AC-2F0C9FDE5554}.Release|Any CPU.Build.0 = Release|Any CPU
	EndGlobalSection
	GlobalSection(SolutionProperties) = preSolution
		HideSolutionNode = FALSE
	EndGlobalSection
	GlobalSection(ExtensibilityGlobals) = postSolution
		SolutionGuid = {FEFA1B01-183D-4C0D-9906-A5641D0F35E7}
	EndGlobalSection
EndGlobal
